lockfileVersion: '6.0'

settings:
  autoInstallPeers: true
  excludeLinksFromLockfile: false

devDependencies:
  cargo-cp-artifact:
    specifier: ^0.1.8
    version: 0.1.8
  prettier:
    specifier: ^3.2.2
    version: 3.2.2

packages:

  /cargo-cp-artifact@0.1.8:
    resolution: {integrity: sha512-3j4DaoTrsCD1MRkTF2Soacii0Nx7UHCce0EwUf4fHnggwiE4fbmF2AbnfzayR36DF8KGadfh7M/Yfy625kgPlA==}
    hasBin: true
    dev: true

  /prettier@3.2.2:
    resolution: {integrity: sha512-HTByuKZzw7utPiDO523Tt2pLtEyK7OibUD9suEJQrPUCYQqrHr74GGX6VidMrovbf/I50mPqr8j/II6oBAuc5A==}
    engines: {node: '>=14'}
    hasBin: true
    dev: true
